PODS:
  - Alamofire (4.8.1)
  - AlamofireImage (3.5.0):
    - Alamofire (~> 4.8)
  - DropDown (2.3.12)
  - SQLite.swift (0.11.5):
    - SQLite.swift/standard (= 0.11.5)
  - SQLite.swift/standard (0.11.5)
  - SwiftyJSON (4.2.0)

DEPENDENCIES:
  - Alamofire
  - AlamofireImage
  - DropDown
  - SQLite.swift
  - SwiftyJSON

SPEC REPOS:
  https://github.com/cocoapods/specs.git:
    - Alamofire
    - AlamofireImage
    - DropDown
    - SQLite.swift
    - SwiftyJSON

SPEC CHECKSUMS:
  Alamofire: 16ce2c353fb72865124ddae8a57c5942388f4f11
  AlamofireImage: 1aea346f4dda2f6c67622fa5a89fcbb80d79cc16
  DropDown: 0bcc278799ec11a3d34ce1aac9367fbbaf5423d9
  SQLite.swift: 6e5356850bb1791459f8c16d6ee9195b28714a2e
  SwiftyJSON: c4bcba26dd9ec7a027fc8eade48e2c911f229e96

PODFILE CHECKSUM: e610ef241fd84f6ddc0fa492e6b7ee9c01edb0d0

COCOAPODS: 1.5.3
