// !$*UTF8*$!
{
	archiveVersion = 1;
	classes = {
	};
	objectVersion = 50;
	objects = {

/* Begin PBXBuildFile section */
		340B44AF2235BA9600C2B835 /* Operator.swift in Sources */ = {isa = PBXBuildFile; fileRef = 340B44AE2235BA9600C2B835 /* Operator.swift */; };
		3443FD202235A1F0009161FB /* AppDelegate.swift in Sources */ = {isa = PBXBuildFile; fileRef = 3443FD1F2235A1F0009161FB /* AppDelegate.swift */; };
		3443FD272235A1F1009161FB /* Assets.xcassets in Resources */ = {isa = PBXBuildFile; fileRef = 3443FD262235A1F1009161FB /* Assets.xcassets */; };
		3443FD2A2235A1F1009161FB /* LaunchScreen.storyboard in Resources */ = {isa = PBXBuildFile; fileRef = 3443FD282235A1F1009161FB /* LaunchScreen.storyboard */; };
		3443FD352235A1F2009161FB /* AssignmentTests.swift in Sources */ = {isa = PBXBuildFile; fileRef = 3443FD342235A1F2009161FB /* AssignmentTests.swift */; };
		3443FD402235A2B7009161FB /* Constants.swift in Sources */ = {isa = PBXBuildFile; fileRef = 3443FD3F2235A2B7009161FB /* Constants.swift */; };
		3443FD412235A2B7009161FB /* Constants.swift in Sources */ = {isa = PBXBuildFile; fileRef = 3443FD3F2235A2B7009161FB /* Constants.swift */; };
		3443FD432235A2DA009161FB /* APIRouter.swift in Sources */ = {isa = PBXBuildFile; fileRef = 3443FD422235A2DA009161FB /* APIRouter.swift */; };
		3443FD442235A2DA009161FB /* APIRouter.swift in Sources */ = {isa = PBXBuildFile; fileRef = 3443FD422235A2DA009161FB /* APIRouter.swift */; };
		34650DF52235AA1000BB04B6 /* ParentVC.swift in Sources */ = {isa = PBXBuildFile; fileRef = 34650DF42235AA1000BB04B6 /* ParentVC.swift */; };
		34650DF82235AA1C00BB04B6 /* MainVC.swift in Sources */ = {isa = PBXBuildFile; fileRef = 34650DF62235AA1C00BB04B6 /* MainVC.swift */; };
		34650DF92235AA1C00BB04B6 /* MainVC.xib in Resources */ = {isa = PBXBuildFile; fileRef = 34650DF72235AA1C00BB04B6 /* MainVC.xib */; };
		34650DFD2235AB9400BB04B6 /* PosterCell.swift in Sources */ = {isa = PBXBuildFile; fileRef = 34650DFB2235AB9400BB04B6 /* PosterCell.swift */; };
		34650DFE2235AB9400BB04B6 /* PosterCell.xib in Resources */ = {isa = PBXBuildFile; fileRef = 34650DFC2235AB9400BB04B6 /* PosterCell.xib */; };
		34650E002235AC5500BB04B6 /* ReusableView.swift in Sources */ = {isa = PBXBuildFile; fileRef = 34650DFF2235AC5500BB04B6 /* ReusableView.swift */; };
		34650E022235AC6C00BB04B6 /* NibLoadableView.swift in Sources */ = {isa = PBXBuildFile; fileRef = 34650E012235AC6C00BB04B6 /* NibLoadableView.swift */; };
		34650E042235ACD000BB04B6 /* ParentCell.swift in Sources */ = {isa = PBXBuildFile; fileRef = 34650E032235ACD000BB04B6 /* ParentCell.swift */; };
		34650E072235AD7700BB04B6 /* UITableView+Extension.swift in Sources */ = {isa = PBXBuildFile; fileRef = 34650E062235AD7700BB04B6 /* UITableView+Extension.swift */; };
		34650E092235AD8600BB04B6 /* UICollectionView+Extension.swift in Sources */ = {isa = PBXBuildFile; fileRef = 34650E082235AD8600BB04B6 /* UICollectionView+Extension.swift */; };
		34650E0B2235AFC600BB04B6 /* CVCustomFlowLayout.swift in Sources */ = {isa = PBXBuildFile; fileRef = 34650E0A2235AFC600BB04B6 /* CVCustomFlowLayout.swift */; };
		34650E0D2235B24500BB04B6 /* Globals.swift in Sources */ = {isa = PBXBuildFile; fileRef = 34650E0C2235B24500BB04B6 /* Globals.swift */; };
		34650E122235B5D500BB04B6 /* Network.swift in Sources */ = {isa = PBXBuildFile; fileRef = 34650E112235B5D500BB04B6 /* Network.swift */; };
		AE2ADD8F43D4D2F03B71267D /* Pods_Assignment.framework in Frameworks */ = {isa = PBXBuildFile; fileRef = 321D4C12E06F3E2CD51F86F1 /* Pods_Assignment.framework */; };
/* End PBXBuildFile section */

/* Begin PBXContainerItemProxy section */
		3443FD312235A1F2009161FB /* PBXContainerItemProxy */ = {
			isa = PBXContainerItemProxy;
			containerPortal = 3443FD142235A1F0009161FB /* Project object */;
			proxyType = 1;
			remoteGlobalIDString = 3443FD1B2235A1F0009161FB;
			remoteInfo = Assignment;
		};
/* End PBXContainerItemProxy section */

/* Begin PBXFileReference section */
		321D4C12E06F3E2CD51F86F1 /* Pods_Assignment.framework */ = {isa = PBXFileReference; explicitFileType = wrapper.framework; includeInIndex = 0; path = Pods_Assignment.framework; sourceTree = BUILT_PRODUCTS_DIR; };
		340B44AE2235BA9600C2B835 /* Operator.swift */ = {isa = PBXFileReference; lastKnownFileType = sourcecode.swift; path = Operator.swift; sourceTree = "<group>"; };
		3443FD1C2235A1F0009161FB /* Assignment.app */ = {isa = PBXFileReference; explicitFileType = wrapper.application; includeInIndex = 0; path = Assignment.app; sourceTree = BUILT_PRODUCTS_DIR; };
		3443FD1F2235A1F0009161FB /* AppDelegate.swift */ = {isa = PBXFileReference; lastKnownFileType = sourcecode.swift; path = AppDelegate.swift; sourceTree = "<group>"; };
		3443FD262235A1F1009161FB /* Assets.xcassets */ = {isa = PBXFileReference; lastKnownFileType = folder.assetcatalog; path = Assets.xcassets; sourceTree = "<group>"; };
		3443FD292235A1F1009161FB /* Base */ = {isa = PBXFileReference; lastKnownFileType = file.storyboard; name = Base; path = Base.lproj/LaunchScreen.storyboard; sourceTree = "<group>"; };
		3443FD2B2235A1F1009161FB /* Info.plist */ = {isa = PBXFileReference; lastKnownFileType = text.plist.xml; path = Info.plist; sourceTree = "<group>"; };
		3443FD302235A1F2009161FB /* AssignmentTests.xctest */ = {isa = PBXFileReference; explicitFileType = wrapper.cfbundle; includeInIndex = 0; path = AssignmentTests.xctest; sourceTree = BUILT_PRODUCTS_DIR; };
		3443FD342235A1F2009161FB /* AssignmentTests.swift */ = {isa = PBXFileReference; lastKnownFileType = sourcecode.swift; path = AssignmentTests.swift; sourceTree = "<group>"; };
		3443FD362235A1F2009161FB /* Info.plist */ = {isa = PBXFileReference; lastKnownFileType = text.plist.xml; path = Info.plist; sourceTree = "<group>"; };
		3443FD3F2235A2B7009161FB /* Constants.swift */ = {isa = PBXFileReference; lastKnownFileType = sourcecode.swift; path = Constants.swift; sourceTree = "<group>"; };
		3443FD422235A2DA009161FB /* APIRouter.swift */ = {isa = PBXFileReference; lastKnownFileType = sourcecode.swift; path = APIRouter.swift; sourceTree = "<group>"; };
		34650DF42235AA1000BB04B6 /* ParentVC.swift */ = {isa = PBXFileReference; lastKnownFileType = sourcecode.swift; path = ParentVC.swift; sourceTree = "<group>"; };
		34650DF62235AA1C00BB04B6 /* MainVC.swift */ = {isa = PBXFileReference; lastKnownFileType = sourcecode.swift; path = MainVC.swift; sourceTree = "<group>"; };
		34650DF72235AA1C00BB04B6 /* MainVC.xib */ = {isa = PBXFileReference; lastKnownFileType = file.xib; path = MainVC.xib; sourceTree = "<group>"; };
		34650DFB2235AB9400BB04B6 /* PosterCell.swift */ = {isa = PBXFileReference; lastKnownFileType = sourcecode.swift; path = PosterCell.swift; sourceTree = "<group>"; };
		34650DFC2235AB9400BB04B6 /* PosterCell.xib */ = {isa = PBXFileReference; lastKnownFileType = file.xib; path = PosterCell.xib; sourceTree = "<group>"; };
		34650DFF2235AC5500BB04B6 /* ReusableView.swift */ = {isa = PBXFileReference; lastKnownFileType = sourcecode.swift; path = ReusableView.swift; sourceTree = "<group>"; };
		34650E012235AC6C00BB04B6 /* NibLoadableView.swift */ = {isa = PBXFileReference; lastKnownFileType = sourcecode.swift; path = NibLoadableView.swift; sourceTree = "<group>"; };
		34650E032235ACD000BB04B6 /* ParentCell.swift */ = {isa = PBXFileReference; lastKnownFileType = sourcecode.swift; path = ParentCell.swift; sourceTree = "<group>"; };
		34650E062235AD7700BB04B6 /* UITableView+Extension.swift */ = {isa = PBXFileReference; lastKnownFileType = sourcecode.swift; path = "UITableView+Extension.swift"; sourceTree = "<group>"; };
		34650E082235AD8600BB04B6 /* UICollectionView+Extension.swift */ = {isa = PBXFileReference; lastKnownFileType = sourcecode.swift; path = "UICollectionView+Extension.swift"; sourceTree = "<group>"; };
		34650E0A2235AFC600BB04B6 /* CVCustomFlowLayout.swift */ = {isa = PBXFileReference; lastKnownFileType = sourcecode.swift; path = CVCustomFlowLayout.swift; sourceTree = "<group>"; };
		34650E0C2235B24500BB04B6 /* Globals.swift */ = {isa = PBXFileReference; lastKnownFileType = sourcecode.swift; path = Globals.swift; sourceTree = "<group>"; };
		34650E112235B5D500BB04B6 /* Network.swift */ = {isa = PBXFileReference; lastKnownFileType = sourcecode.swift; path = Network.swift; sourceTree = "<group>"; };
		70266A067425BA398F11133E /* Pods-Assignment.release.xcconfig */ = {isa = PBXFileReference; includeInIndex = 1; lastKnownFileType = text.xcconfig; name = "Pods-Assignment.release.xcconfig"; path = "Pods/Target Support Files/Pods-Assignment/Pods-Assignment.release.xcconfig"; sourceTree = "<group>"; };
		8AF91692068448C6A153B47E /* Pods-Assignment.debug.xcconfig */ = {isa = PBXFileReference; includeInIndex = 1; lastKnownFileType = text.xcconfig; name = "Pods-Assignment.debug.xcconfig"; path = "Pods/Target Support Files/Pods-Assignment/Pods-Assignment.debug.xcconfig"; sourceTree = "<group>"; };
/* End PBXFileReference section */

/* Begin PBXFrameworksBuildPhase section */
		3443FD192235A1F0009161FB /* Frameworks */ = {
			isa = PBXFrameworksBuildPhase;
			buildActionMask = 2147483647;
			files = (
				AE2ADD8F43D4D2F03B71267D /* Pods_Assignment.framework in Frameworks */,
			);
			runOnlyForDeploymentPostprocessing = 0;
		};
		3443FD2D2235A1F2009161FB /* Frameworks */ = {
			isa = PBXFrameworksBuildPhase;
			buildActionMask = 2147483647;
			files = (
			);
			runOnlyForDeploymentPostprocessing = 0;
		};
/* End PBXFrameworksBuildPhase section */

/* Begin PBXGroup section */
		1DBE38ED09B4F5F0201EA71D /* Frameworks */ = {
			isa = PBXGroup;
			children = (
				321D4C12E06F3E2CD51F86F1 /* Pods_Assignment.framework */,
			);
			name = Frameworks;
			sourceTree = "<group>";
		};
		3443FD132235A1F0009161FB = {
			isa = PBXGroup;
			children = (
				3443FD1E2235A1F0009161FB /* Assignment */,
				3443FD332235A1F2009161FB /* AssignmentTests */,
				3443FD1D2235A1F0009161FB /* Products */,
				7A4A9C96089ADA82ADE90C5F /* Pods */,
				1DBE38ED09B4F5F0201EA71D /* Frameworks */,
			);
			sourceTree = "<group>";
		};
		3443FD1D2235A1F0009161FB /* Products */ = {
			isa = PBXGroup;
			children = (
				3443FD1C2235A1F0009161FB /* Assignment.app */,
				3443FD302235A1F2009161FB /* AssignmentTests.xctest */,
			);
			name = Products;
			sourceTree = "<group>";
		};
		3443FD1E2235A1F0009161FB /* Assignment */ = {
			isa = PBXGroup;
			children = (
				34650E102235B5A500BB04B6 /* Network */,
				34650E012235AC6C00BB04B6 /* NibLoadableView.swift */,
				34650E0F2235B2B400BB04B6 /* Reusable */,
				34650E0C2235B24500BB04B6 /* Globals.swift */,
				34650E052235AD5800BB04B6 /* Extensions */,
				34650DFA2235AB6D00BB04B6 /* New Group */,
				3443FD1F2235A1F0009161FB /* AppDelegate.swift */,
				3443FD262235A1F1009161FB /* Assets.xcassets */,
				3443FD282235A1F1009161FB /* LaunchScreen.storyboard */,
				3443FD2B2235A1F1009161FB /* Info.plist */,
				3443FD3F2235A2B7009161FB /* Constants.swift */,
				34650DF42235AA1000BB04B6 /* ParentVC.swift */,
				34650DF62235AA1C00BB04B6 /* MainVC.swift */,
				34650DF72235AA1C00BB04B6 /* MainVC.xib */,
				34650DFF2235AC5500BB04B6 /* ReusableView.swift */,
				34650E0A2235AFC600BB04B6 /* CVCustomFlowLayout.swift */,
				340B44AE2235BA9600C2B835 /* Operator.swift */,
			);
			path = Assignment;
			sourceTree = "<group>";
		};
		3443FD332235A1F2009161FB /* AssignmentTests */ = {
			isa = PBXGroup;
			children = (
				3443FD342235A1F2009161FB /* AssignmentTests.swift */,
				3443FD362235A1F2009161FB /* Info.plist */,
			);
			path = AssignmentTests;
			sourceTree = "<group>";
		};
		34650DFA2235AB6D00BB04B6 /* New Group */ = {
			isa = PBXGroup;
			children = (
				34650DFB2235AB9400BB04B6 /* PosterCell.swift */,
				34650DFC2235AB9400BB04B6 /* PosterCell.xib */,
			);
			path = "New Group";
			sourceTree = "<group>";
		};
		34650E052235AD5800BB04B6 /* Extensions */ = {
			isa = PBXGroup;
			children = (
				34650E062235AD7700BB04B6 /* UITableView+Extension.swift */,
				34650E082235AD8600BB04B6 /* UICollectionView+Extension.swift */,
			);
			path = Extensions;
			sourceTree = "<group>";
		};
		34650E0F2235B2B400BB04B6 /* Reusable */ = {
			isa = PBXGroup;
			children = (
				34650E032235ACD000BB04B6 /* ParentCell.swift */,
			);
			path = Reusable;
			sourceTree = "<group>";
		};
		34650E102235B5A500BB04B6 /* Network */ = {
			isa = PBXGroup;
			children = (
				3443FD422235A2DA009161FB /* APIRouter.swift */,
				34650E112235B5D500BB04B6 /* Network.swift */,
			);
			path = Network;
			sourceTree = "<group>";
		};
		7A4A9C96089ADA82ADE90C5F /* Pods */ = {
			isa = PBXGroup;
			children = (
				8AF91692068448C6A153B47E /* Pods-Assignment.debug.xcconfig */,
				70266A067425BA398F11133E /* Pods-Assignment.release.xcconfig */,
			);
			name = Pods;
			sourceTree = "<group>";
		};
/* End PBXGroup section */

/* Begin PBXNativeTarget section */
		3443FD1B2235A1F0009161FB /* Assignment */ = {
			isa = PBXNativeTarget;
			buildConfigurationList = 3443FD392235A1F2009161FB /* Build configuration list for PBXNativeTarget "Assignment" */;
			buildPhases = (
				3209E54D794EA231DB797AE6 /* [CP] Check Pods Manifest.lock */,
				3443FD182235A1F0009161FB /* Sources */,
				3443FD192235A1F0009161FB /* Frameworks */,
				3443FD1A2235A1F0009161FB /* Resources */,
				2572EB8C2F6A29B86208F541 /* [CP] Embed Pods Frameworks */,
			);
			buildRules = (
			);
			dependencies = (
			);
			name = Assignment;
			productName = Assignment;
			productReference = 3443FD1C2235A1F0009161FB /* Assignment.app */;
			productType = "com.apple.product-type.application";
		};
		3443FD2F2235A1F2009161FB /* AssignmentTests */ = {
			isa = PBXNativeTarget;
			buildConfigurationList = 3443FD3C2235A1F2009161FB /* Build configuration list for PBXNativeTarget "AssignmentTests" */;
			buildPhases = (
				3443FD2C2235A1F2009161FB /* Sources */,
				3443FD2D2235A1F2009161FB /* Frameworks */,
				3443FD2E2235A1F2009161FB /* Resources */,
			);
			buildRules = (
			);
			dependencies = (
				3443FD322235A1F2009161FB /* PBXTargetDependency */,
			);
			name = AssignmentTests;
			productName = AssignmentTests;
			productReference = 3443FD302235A1F2009161FB /* AssignmentTests.xctest */;
			productType = "com.apple.product-type.bundle.unit-test";
		};
/* End PBXNativeTarget section */

/* Begin PBXProject section */
		3443FD142235A1F0009161FB /* Project object */ = {
			isa = PBXProject;
			attributes = {
				LastSwiftUpdateCheck = 1010;
				LastUpgradeCheck = 1010;
				ORGANIZATIONNAME = "Soroush Shahi";
				TargetAttributes = {
					3443FD1B2235A1F0009161FB = {
						CreatedOnToolsVersion = 10.1;
					};
					3443FD2F2235A1F2009161FB = {
						CreatedOnToolsVersion = 10.1;
						TestTargetID = 3443FD1B2235A1F0009161FB;
					};
				};
			};
			buildConfigurationList = 3443FD172235A1F0009161FB /* Build configuration list for PBXProject "Assignment" */;
			compatibilityVersion = "Xcode 9.3";
			developmentRegion = en;
			hasScannedForEncodings = 0;
			knownRegions = (
				en,
				Base,
			);
			mainGroup = 3443FD132235A1F0009161FB;
			productRefGroup = 3443FD1D2235A1F0009161FB /* Products */;
			projectDirPath = "";
			projectRoot = "";
			targets = (
				3443FD1B2235A1F0009161FB /* Assignment */,
				3443FD2F2235A1F2009161FB /* AssignmentTests */,
			);
		};
/* End PBXProject section */

/* Begin PBXResourcesBuildPhase section */
		3443FD1A2235A1F0009161FB /* Resources */ = {
			isa = PBXResourcesBuildPhase;
			buildActionMask = 2147483647;
			files = (
				34650DFE2235AB9400BB04B6 /* PosterCell.xib in Resources */,
				34650DF92235AA1C00BB04B6 /* MainVC.xib in Resources */,
				3443FD2A2235A1F1009161FB /* LaunchScreen.storyboard in Resources */,
				3443FD272235A1F1009161FB /* Assets.xcassets in Resources */,
			);
			runOnlyForDeploymentPostprocessing = 0;
		};
		3443FD2E2235A1F2009161FB /* Resources */ = {
			isa = PBXResourcesBuildPhase;
			buildActionMask = 2147483647;
			files = (
			);
			runOnlyForDeploymentPostprocessing = 0;
		};
/* End PBXResourcesBuildPhase section */

/* Begin PBXShellScriptBuildPhase section */
		2572EB8C2F6A29B86208F541 /* [CP] Embed Pods Frameworks */ = {
			isa = PBXShellScriptBuildPhase;
			buildActionMask = 2147483647;
			files = (
			);
			inputPaths = (
				"${SRCROOT}/Pods/Target Support Files/Pods-Assignment/Pods-Assignment-frameworks.sh",
				"${BUILT_PRODUCTS_DIR}/Alamofire/Alamofire.framework",
				"${BUILT_PRODUCTS_DIR}/AlamofireImage/AlamofireImage.framework",
				"${BUILT_PRODUCTS_DIR}/SQLite.swift/SQLite.framework",
				"${BUILT_PRODUCTS_DIR}/SwiftyJSON/SwiftyJSON.framework",
			);
			name = "[CP] Embed Pods Frameworks";
			outputPaths = (
				"${TARGET_BUILD_DIR}/${FRAMEWORKS_FOLDER_PATH}/Alamofire.framework",
				"${TARGET_BUILD_DIR}/${FRAMEWORKS_FOLDER_PATH}/AlamofireImage.framework",
				"${TARGET_BUILD_DIR}/${FRAMEWORKS_FOLDER_PATH}/SQLite.framework",
				"${TARGET_BUILD_DIR}/${FRAMEWORKS_FOLDER_PATH}/SwiftyJSON.framework",
			);
			runOnlyForDeploymentPostprocessing = 0;
			shellPath = /bin/sh;
			shellScript = "\"${SRCROOT}/Pods/Target Support Files/Pods-Assignment/Pods-Assignment-frameworks.sh\"\n";
			showEnvVarsInLog = 0;
		};
		3209E54D794EA231DB797AE6 /* [CP] Check Pods Manifest.lock */ = {
			isa = PBXShellScriptBuildPhase;
			buildActionMask = 2147483647;
			files = (
			);
			inputPaths = (
				"${PODS_PODFILE_DIR_PATH}/Podfile.lock",
				"${PODS_ROOT}/Manifest.lock",
			);
			name = "[CP] Check Pods Manifest.lock";
			outputPaths = (
				"$(DERIVED_FILE_DIR)/Pods-Assignment-checkManifestLockResult.txt",
			);
			runOnlyForDeploymentPostprocessing = 0;
			shellPath = /bin/sh;
			shellScript = "diff \"${PODS_PODFILE_DIR_PATH}/Podfile.lock\" \"${PODS_ROOT}/Manifest.lock\" > /dev/null\nif [ $? != 0 ] ; then\n    # print error to STDERR\n    echo \"error: The sandbox is not in sync with the Podfile.lock. Run 'pod install' or update your CocoaPods installation.\" >&2\n    exit 1\nfi\n# This output is used by Xcode 'outputs' to avoid re-running this script phase.\necho \"SUCCESS\" > \"${SCRIPT_OUTPUT_FILE_0}\"\n";
			showEnvVarsInLog = 0;
		};
/* End PBXShellScriptBuildPhase section */

/* Begin PBXSourcesBuildPhase section */
		3443FD182235A1F0009161FB /* Sources */ = {
			isa = PBXSourcesBuildPhase;
			buildActionMask = 2147483647;
			files = (
				34650E022235AC6C00BB04B6 /* NibLoadableView.swift in Sources */,
				34650E092235AD8600BB04B6 /* UICollectionView+Extension.swift in Sources */,
				34650DF52235AA1000BB04B6 /* ParentVC.swift in Sources */,
				34650DF82235AA1C00BB04B6 /* MainVC.swift in Sources */,
				34650DFD2235AB9400BB04B6 /* PosterCell.swift in Sources */,
				34650E0B2235AFC600BB04B6 /* CVCustomFlowLayout.swift in Sources */,
				34650E0D2235B24500BB04B6 /* Globals.swift in Sources */,
				340B44AF2235BA9600C2B835 /* Operator.swift in Sources */,
				3443FD432235A2DA009161FB /* APIRouter.swift in Sources */,
				34650E042235ACD000BB04B6 /* ParentCell.swift in Sources */,
				3443FD202235A1F0009161FB /* AppDelegate.swift in Sources */,
				34650E072235AD7700BB04B6 /* UITableView+Extension.swift in Sources */,
				34650E002235AC5500BB04B6 /* ReusableView.swift in Sources */,
				34650E122235B5D500BB04B6 /* Network.swift in Sources */,
				3443FD402235A2B7009161FB /* Constants.swift in Sources */,
			);
			runOnlyForDeploymentPostprocessing = 0;
		};
		3443FD2C2235A1F2009161FB /* Sources */ = {
			isa = PBXSourcesBuildPhase;
			buildActionMask = 2147483647;
			files = (
				3443FD352235A1F2009161FB /* AssignmentTests.swift in Sources */,
				3443FD442235A2DA009161FB /* APIRouter.swift in Sources */,
				3443FD412235A2B7009161FB /* Constants.swift in Sources */,
			);
			runOnlyForDeploymentPostprocessing = 0;
		};
/* End PBXSourcesBuildPhase section */

/* Begin PBXTargetDependency section */
		3443FD322235A1F2009161FB /* PBXTargetDependency */ = {
			isa = PBXTargetDependency;
			target = 3443FD1B2235A1F0009161FB /* Assignment */;
			targetProxy = 3443FD312235A1F2009161FB /* PBXContainerItemProxy */;
		};
/* End PBXTargetDependency section */

/* Begin PBXVariantGroup section */
		3443FD282235A1F1009161FB /* LaunchScreen.storyboard */ = {
			isa = PBXVariantGroup;
			children = (
				3443FD292235A1F1009161FB /* Base */,
			);
			name = LaunchScreen.storyboard;
			sourceTree = "<group>";
		};
/* End PBXVariantGroup section */

/* Begin XCBuildConfiguration section */
		3443FD372235A1F2009161FB /* Debug */ = {
			isa = XCBuildConfiguration;
			buildSettings = {
				ALWAYS_SEARCH_USER_PATHS = NO;
				CLANG_ANALYZER_NONNULL = YES;
				CLANG_ANALYZER_NUMBER_OBJECT_CONVERSION = YES_AGGRESSIVE;
				CLANG_CXX_LANGUAGE_STANDARD = "gnu++14";
				CLANG_CXX_LIBRARY = "libc++";
				CLANG_ENABLE_MODULES = YES;
				CLANG_ENABLE_OBJC_ARC = YES;
				CLANG_ENABLE_OBJC_WEAK = YES;
				CLANG_WARN_BLOCK_CAPTURE_AUTORELEASING = YES;
				CLANG_WARN_BOOL_CONVERSION = YES;
				CLANG_WARN_COMMA = YES;
				CLANG_WARN_CONSTANT_CONVERSION = YES;
				CLANG_WARN_DEPRECATED_OBJC_IMPLEMENTATIONS = YES;
				CLANG_WARN_DIRECT_OBJC_ISA_USAGE = YES_ERROR;
				CLANG_WARN_DOCUMENTATION_COMMENTS = YES;
				CLANG_WARN_EMPTY_BODY = YES;
				CLANG_WARN_ENUM_CONVERSION = YES;
				CLANG_WARN_INFINITE_RECURSION = YES;
				CLANG_WARN_INT_CONVERSION = YES;
				CLANG_WARN_NON_LITERAL_NULL_CONVERSION = YES;
				CLANG_WARN_OBJC_IMPLICIT_RETAIN_SELF = YES;
				CLANG_WARN_OBJC_LITERAL_CONVERSION = YES;
				CLANG_WARN_OBJC_ROOT_CLASS = YES_ERROR;
				CLANG_WARN_RANGE_LOOP_ANALYSIS = YES;
				CLANG_WARN_STRICT_PROTOTYPES = YES;
				CLANG_WARN_SUSPICIOUS_MOVE = YES;
				CLANG_WARN_UNGUARDED_AVAILABILITY = YES_AGGRESSIVE;
				CLANG_WARN_UNREACHABLE_CODE = YES;
				CLANG_WARN__DUPLICATE_METHOD_MATCH = YES;
				CODE_SIGN_IDENTITY = "iPhone Developer";
				COPY_PHASE_STRIP = NO;
				DEBUG_INFORMATION_FORMAT = dwarf;
				ENABLE_STRICT_OBJC_MSGSEND = YES;
				ENABLE_TESTABILITY = YES;
				GCC_C_LANGUAGE_STANDARD = gnu11;
				GCC_DYNAMIC_NO_PIC = NO;
				GCC_NO_COMMON_BLOCKS = YES;
				GCC_OPTIMIZATION_LEVEL = 0;
				GCC_PREPROCESSOR_DEFINITIONS = (
					"DEBUG=1",
					"$(inherited)",
				);
				GCC_WARN_64_TO_32_BIT_CONVERSION = YES;
				GCC_WARN_ABOUT_RETURN_TYPE = YES_ERROR;
				GCC_WARN_UNDECLARED_SELECTOR = YES;
				GCC_WARN_UNINITIALIZED_AUTOS = YES_AGGRESSIVE;
				GCC_WARN_UNUSED_FUNCTION = YES;
				GCC_WARN_UNUSED_VARIABLE = YES;
				IPHONEOS_DEPLOYMENT_TARGET = 12.1;
				MTL_ENABLE_DEBUG_INFO = INCLUDE_SOURCE;
				MTL_FAST_MATH = YES;
				ONLY_ACTIVE_ARCH = YES;
				SDKROOT = iphoneos;
				SWIFT_ACTIVE_COMPILATION_CONDITIONS = DEBUG;
				SWIFT_OPTIMIZATION_LEVEL = "-Onone";
			};
			name = Debug;
		};
		3443FD382235A1F2009161FB /* Release */ = {
			isa = XCBuildConfiguration;
			buildSettings = {
				ALWAYS_SEARCH_USER_PATHS = NO;
				CLANG_ANALYZER_NONNULL = YES;
				CLANG_ANALYZER_NUMBER_OBJECT_CONVERSION = YES_AGGRESSIVE;
				CLANG_CXX_LANGUAGE_STANDARD = "gnu++14";
				CLANG_CXX_LIBRARY = "libc++";
				CLANG_ENABLE_MODULES = YES;
				CLANG_ENABLE_OBJC_ARC = YES;
				CLANG_ENABLE_OBJC_WEAK = YES;
				CLANG_WARN_BLOCK_CAPTURE_AUTORELEASING = YES;
				CLANG_WARN_BOOL_CONVERSION = YES;
				CLANG_WARN_COMMA = YES;
				CLANG_WARN_CONSTANT_CONVERSION = YES;
				CLANG_WARN_DEPRECATED_OBJC_IMPLEMENTATIONS = YES;
				CLANG_WARN_DIRECT_OBJC_ISA_USAGE = YES_ERROR;
				CLANG_WARN_DOCUMENTATION_COMMENTS = YES;
				CLANG_WARN_EMPTY_BODY = YES;
				CLANG_WARN_ENUM_CONVERSION = YES;
				CLANG_WARN_INFINITE_RECURSION = YES;
				CLANG_WARN_INT_CONVERSION = YES;
				CLANG_WARN_NON_LITERAL_NULL_CONVERSION = YES;
				CLANG_WARN_OBJC_IMPLICIT_RETAIN_SELF = YES;
				CLANG_WARN_OBJC_LITERAL_CONVERSION = YES;
				CLANG_WARN_OBJC_ROOT_CLASS = YES_ERROR;
				CLANG_WARN_RANGE_LOOP_ANALYSIS = YES;
				CLANG_WARN_STRICT_PROTOTYPES = YES;
				CLANG_WARN_SUSPICIOUS_MOVE = YES;
				CLANG_WARN_UNGUARDED_AVAILABILITY = YES_AGGRESSIVE;
				CLANG_WARN_UNREACHABLE_CODE = YES;
				CLANG_WARN__DUPLICATE_METHOD_MATCH = YES;
				CODE_SIGN_IDENTITY = "iPhone Developer";
				COPY_PHASE_STRIP = NO;
				DEBUG_INFORMATION_FORMAT = "dwarf-with-dsym";
				ENABLE_NS_ASSERTIONS = NO;
				ENABLE_STRICT_OBJC_MSGSEND = YES;
				GCC_C_LANGUAGE_STANDARD = gnu11;
				GCC_NO_COMMON_BLOCKS = YES;
				GCC_WARN_64_TO_32_BIT_CONVERSION = YES;
				GCC_WARN_ABOUT_RETURN_TYPE = YES_ERROR;
				GCC_WARN_UNDECLARED_SELECTOR = YES;
				GCC_WARN_UNINITIALIZED_AUTOS = YES_AGGRESSIVE;
				GCC_WARN_UNUSED_FUNCTION = YES;
				GCC_WARN_UNUSED_VARIABLE = YES;
				IPHONEOS_DEPLOYMENT_TARGET = 12.1;
				MTL_ENABLE_DEBUG_INFO = NO;
				MTL_FAST_MATH = YES;
				SDKROOT = iphoneos;
				SWIFT_COMPILATION_MODE = wholemodule;
				SWIFT_OPTIMIZATION_LEVEL = "-O";
				VALIDATE_PRODUCT = YES;
			};
			name = Release;
		};
		3443FD3A2235A1F2009161FB /* Debug */ = {
			isa = XCBuildConfiguration;
			baseConfigurationReference = 8AF91692068448C6A153B47E /* Pods-Assignment.debug.xcconfig */;
			buildSettings = {
				ASSETCATALOG_COMPILER_APPICON_NAME = AppIcon;
				CODE_SIGN_STYLE = Automatic;
				DEVELOPMENT_TEAM = F2SW75LBZV;
				INFOPLIST_FILE = Assignment/Info.plist;
				IPHONEOS_DEPLOYMENT_TARGET = 9.0;
				LD_RUNPATH_SEARCH_PATHS = (
					"$(inherited)",
					"@executable_path/Frameworks",
				);
				PRODUCT_BUNDLE_IDENTIFIER = soroush.Assignment;
				PRODUCT_NAME = "$(TARGET_NAME)";
				SWIFT_VERSION = 4.2;
				TARGETED_DEVICE_FAMILY = "1,2";
			};
			name = Debug;
		};
		3443FD3B2235A1F2009161FB /* Release */ = {
			isa = XCBuildConfiguration;
			baseConfigurationReference = 70266A067425BA398F11133E /* Pods-Assignment.release.xcconfig */;
			buildSettings = {
				ASSETCATALOG_COMPILER_APPICON_NAME = AppIcon;
				CODE_SIGN_STYLE = Automatic;
				DEVELOPMENT_TEAM = F2SW75LBZV;
				INFOPLIST_FILE = Assignment/Info.plist;
				IPHONEOS_DEPLOYMENT_TARGET = 9.0;
				LD_RUNPATH_SEARCH_PATHS = (
					"$(inherited)",
					"@executable_path/Frameworks",
				);
				PRODUCT_BUNDLE_IDENTIFIER = soroush.Assignment;
				PRODUCT_NAME = "$(TARGET_NAME)";
				SWIFT_VERSION = 4.2;
				TARGETED_DEVICE_FAMILY = "1,2";
			};
			name = Release;
		};
		3443FD3D2235A1F2009161FB /* Debug */ = {
			isa = XCBuildConfiguration;
			buildSettings = {
				ALWAYS_EMBED_SWIFT_STANDARD_LIBRARIES = YES;
				BUNDLE_LOADER = "$(TEST_HOST)";
				CODE_SIGN_STYLE = Automatic;
				DEVELOPMENT_TEAM = F2SW75LBZV;
				INFOPLIST_FILE = AssignmentTests/Info.plist;
				LD_RUNPATH_SEARCH_PATHS = (
					"$(inherited)",
					"@executable_path/Frameworks",
					"@loader_path/Frameworks",
				);
				PRODUCT_BUNDLE_IDENTIFIER = soroush.AssignmentTests;
				PRODUCT_NAME = "$(TARGET_NAME)";
				SWIFT_VERSION = 4.2;
				TARGETED_DEVICE_FAMILY = "1,2";
				TEST_HOST = "$(BUILT_PRODUCTS_DIR)/Assignment.app/Assignment";
			};
			name = Debug;
		};
		3443FD3E2235A1F2009161FB /* Release */ = {
			isa = XCBuildConfiguration;
			buildSettings = {
				ALWAYS_EMBED_SWIFT_STANDARD_LIBRARIES = YES;
				BUNDLE_LOADER = "$(TEST_HOST)";
				CODE_SIGN_STYLE = Automatic;
				DEVELOPMENT_TEAM = F2SW75LBZV;
				INFOPLIST_FILE = AssignmentTests/Info.plist;
				LD_RUNPATH_SEARCH_PATHS = (
					"$(inherited)",
					"@executable_path/Frameworks",
					"@loader_path/Frameworks",
				);
				PRODUCT_BUNDLE_IDENTIFIER = soroush.AssignmentTests;
				PRODUCT_NAME = "$(TARGET_NAME)";
				SWIFT_VERSION = 4.2;
				TARGETED_DEVICE_FAMILY = "1,2";
				TEST_HOST = "$(BUILT_PRODUCTS_DIR)/Assignment.app/Assignment";
			};
			name = Release;
		};
/* End XCBuildConfiguration section */

/* Begin XCConfigurationList section */
		3443FD172235A1F0009161FB /* Build configuration list for PBXProject "Assignment" */ = {
			isa = XCConfigurationList;
			buildConfigurations = (
				3443FD372235A1F2009161FB /* Debug */,
				3443FD382235A1F2009161FB /* Release */,
			);
			defaultConfigurationIsVisible = 0;
			defaultConfigurationName = Release;
		};
		3443FD392235A1F2009161FB /* Build configuration list for PBXNativeTarget "Assignment" */ = {
			isa = XCConfigurationList;
			buildConfigurations = (
				3443FD3A2235A1F2009161FB /* Debug */,
				3443FD3B2235A1F2009161FB /* Release */,
			);
			defaultConfigurationIsVisible = 0;
			defaultConfigurationName = Release;
		};
		3443FD3C2235A1F2009161FB /* Build configuration list for PBXNativeTarget "AssignmentTests" */ = {
			isa = XCConfigurationList;
			buildConfigurations = (
				3443FD3D2235A1F2009161FB /* Debug */,
				3443FD3E2235A1F2009161FB /* Release */,
			);
			defaultConfigurationIsVisible = 0;
			defaultConfigurationName = Release;
		};
/* End XCConfigurationList section */
	};
	rootObject = 3443FD142235A1F0009161FB /* Project object */;
}
